
Microsoft Visual Studio Solution File, Format Version 12.00
# Visual Studio 15
VisualStudioVersion = 15.0.28307.168
MinimumVisualStudioVersion = 10.0.40219.1
Project("{2150E333-8FDC-42A3-9474-1A3956D46DE8}") = "Data", "Data", "{2F58DDAD-9D1B-4300-8D5D-20AEF8B9B36B}"
EndProject
Project("{2150E333-8FDC-42A3-9474-1A3956D46DE8}") = "Domain", "Domain", "{E3FACAA6-61B3-4819-9603-2E1EFEA13FA5}"
EndProject
Project("{2150E333-8FDC-42A3-9474-1A3956D46DE8}") = "Model", "Model", "{7697874D-BCA2-498D-B982-7DF3F3E6F697}"
EndProject
Project("{2150E333-8FDC-42A3-9474-1A3956D46DE8}") = "Service", "Service", "{0DD1C4AB-0AE3-45D7-AAB1-1D04C08A8B6F}"
EndProject
Project("{2150E333-8FDC-42A3-9474-1A3956D46DE8}") = "Presentation", "Presentation", "{5D7348F5-E329-43FC-B67E-2622424BA110}"
EndProject
Project("{2150E333-8FDC-42A3-9474-1A3956D46DE8}") = "Mapping", "Mapping", "{B7B8E894-7EA6-4169-AA77-C557C1ED516A}"
EndProject
Project("{9A19103F-16F7-4668-BE54-9A1E7A4F7556}") = "DataCore", "Data\DataCore\DataCore.csproj", "{57710C17-FBAC-4479-A8DA-082BAB3CBA53}"
EndProject
Project("{9A19103F-16F7-4668-BE54-9A1E7A4F7556}") = "MySql", "Data\MySql\MySql.csproj", "{4AC7B2AC-9389-46B3-8E3F-0D412700C354}"
EndProject
Project("{9A19103F-16F7-4668-BE54-9A1E7A4F7556}") = "DataMapper", "Mapping\DataMapper\DataMapper.csproj", "{1160D577-706D-4CF8-BD6D-77C1B395021C}"
EndProject
Project("{9A19103F-16F7-4668-BE54-9A1E7A4F7556}") = "ModelManager", "Domain\ModelManager\ModelManager.csproj", "{F6FC63CE-7C45-4B0D-8F4F-125C806C6880}"
EndProject
Project("{9A19103F-16F7-4668-BE54-9A1E7A4F7556}") = "ModelCore", "Model\ModelCore\ModelCore.csproj", "{6663E052-9635-4B67-9DF0-4BE0E0DD93C0}"
EndProject
Project("{9A19103F-16F7-4668-BE54-9A1E7A4F7556}") = "DatabaseContext", "Model\DatabaseContext\DatabaseContext.csproj", "{CA7DEE1F-65B6-4A01-92C5-128BD749AB02}"
EndProject
Project("{9A19103F-16F7-4668-BE54-9A1E7A4F7556}") = "Services", "Service\Services\Services.csproj", "{6A11C48B-6946-4FCF-88D5-C6E754AC9521}"
EndProject
Project("{9A19103F-16F7-4668-BE54-9A1E7A4F7556}") = "CRMM", "CRMM\CRMM.csproj", "{70978D1D-7DAE-4E33-BB32-30D0501335DA}"
EndProject
Project("{262852C6-CD72-467D-83FE-5EEB1973A190}") = "Cordova", "Presentation\Cordova\Cordova.jsproj", "{3172CD98-3F90-4195-A1BF-75C2B09671F0}"
EndProject
Project("{2150E333-8FDC-42A3-9474-1A3956D46DE8}") = "WinService", "WinService", "{19F58F9F-A21D-47DA-BDF0-F366F36CE7AD}"
EndProject
Project("{FAE04EC0-301F-11D3-BF4B-00C04F79EFBC}") = "CRMMService", "WinService\CRMMService\CRMMService.csproj", "{D06958A5-1F9B-48F4-ACE1-36BCA179910E}"
EndProject
Project("{FAE04EC0-301F-11D3-BF4B-00C04F79EFBC}") = "CRMMServiceTest", "WinService\CRMMServiceTest\CRMMServiceTest.csproj", "{A74729A7-0D89-45D8-A8A0-4C288CF2B90E}"
EndProject
Project("{FAE04EC0-301F-11D3-BF4B-00C04F79EFBC}") = "CRMMServiceInterface", "WinService\CRMMServiceInterface\CRMMServiceInterface.csproj", "{CD66BBE5-6EDC-4366-A954-E0FB1AB7C553}"
EndProject
Project("{FAE04EC0-301F-11D3-BF4B-00C04F79EFBC}") = "CRMMServiceCore", "WinService\CRMMServiceCore\CRMMServiceCore.csproj", "{615F0B49-CAC3-4C4C-95EC-014D23E8940F}"
EndProject
Project("{2150E333-8FDC-42A3-9474-1A3956D46DE8}") = "Desktop", "Desktop", "{1A6A1525-3A1B-437C-BE8D-7656B1457B9F}"
EndProject
Project("{FAE04EC0-301F-11D3-BF4B-00C04F79EFBC}") = "CRMM", "Presentation\Desktop\CRMM\CRMM.csproj", "{2D6B7854-DB82-4922-B4D5-066AFD9AAD9F}"
EndProject
Project("{FAE04EC0-301F-11D3-BF4B-00C04F79EFBC}") = "RequestGraphPlugin", "Presentation\Desktop\RequestGraphPlugin\RequestGraphPlugin.csproj", "{340453BF-5F1C-418D-933E-FCA206577F12}"
EndProject
Project("{FAE04EC0-301F-11D3-BF4B-00C04F79EFBC}") = "PluginInterface", "Presentation\Desktop\PluginInterface\PluginInterface.csproj", "{068AFECC-7974-4689-A30C-8C3270A72759}"
EndProject
Project("{FAE04EC0-301F-11D3-BF4B-00C04F79EFBC}") = "NotificationPlugin", "Presentation\Desktop\NotificationPlugin\NotificationPlugin.csproj", "{C631B109-F152-4CE6-B9C6-6C1CDED67B2B}"
EndProject
Global
	GlobalSection(SolutionConfigurationPlatforms) = preSolution
		Debug|Android = Debug|Android
		Debug|Any CPU = Debug|Any CPU
		Debug|iOS = Debug|iOS
		Debug|Windows-ARM = Debug|Windows-ARM
		Debug|Windows-x64 = Debug|Windows-x64
		Debug|Windows-x86 = Debug|Windows-x86
		Release|Android = Release|Android
		Release|Any CPU = Release|Any CPU
		Release|iOS = Release|iOS
		Release|Windows-ARM = Release|Windows-ARM
		Release|Windows-x64 = Release|Windows-x64
		Release|Windows-x86 = Release|Windows-x86
	EndGlobalSection
	GlobalSection(ProjectConfigurationPlatforms) = postSolution
		{57710C17-FBAC-4479-A8DA-082BAB3CBA53}.Debug|Android.ActiveCfg = Debug|Any CPU
		{57710C17-FBAC-4479-A8DA-082BAB3CBA53}.Debug|Android.Build.0 = Debug|Any CPU
		{57710C17-FBAC-4479-A8DA-082BAB3CBA53}.Debug|Any CPU.ActiveCfg = Debug|Any CPU
		{57710C17-FBAC-4479-A8DA-082BAB3CBA53}.Debug|Any CPU.Build.0 = Debug|Any CPU
		{57710C17-FBAC-4479-A8DA-082BAB3CBA53}.Debug|iOS.ActiveCfg = Debug|Any CPU
		{57710C17-FBAC-4479-A8DA-082BAB3CBA53}.Debug|iOS.Build.0 = Debug|Any CPU
		{57710C17-FBAC-4479-A8DA-082BAB3CBA53}.Debug|Windows-ARM.ActiveCfg = Debug|Any CPU
		{57710C17-FBAC-4479-A8DA-082BAB3CBA53}.Debug|Windows-ARM.Build.0 = Debug|Any CPU
		{57710C17-FBAC-4479-A8DA-082BAB3CBA53}.Debug|Windows-x64.ActiveCfg = Debug|Any CPU
		{57710C17-FBAC-4479-A8DA-082BAB3CBA53}.Debug|Windows-x64.Build.0 = Debug|Any CPU
		{57710C17-FBAC-4479-A8DA-082BAB3CBA53}.Debug|Windows-x86.ActiveCfg = Debug|Any CPU
		{57710C17-FBAC-4479-A8DA-082BAB3CBA53}.Debug|Windows-x86.Build.0 = Debug|Any CPU
		{57710C17-FBAC-4479-A8DA-082BAB3CBA53}.Release|Android.ActiveCfg = Release|Any CPU
		{57710C17-FBAC-4479-A8DA-082BAB3CBA53}.Release|Android.Build.0 = Release|Any CPU
		{57710C17-FBAC-4479-A8DA-082BAB3CBA53}.Release|Any CPU.ActiveCfg = Release|Any CPU
		{57710C17-FBAC-4479-A8DA-082BAB3CBA53}.Release|Any CPU.Build.0 = Release|Any CPU
		{57710C17-FBAC-4479-A8DA-082BAB3CBA53}.Release|iOS.ActiveCfg = Release|Any CPU
		{57710C17-FBAC-4479-A8DA-082BAB3CBA53}.Release|iOS.Build.0 = Release|Any CPU
		{57710C17-FBAC-4479-A8DA-082BAB3CBA53}.Release|Windows-ARM.ActiveCfg = Release|Any CPU
		{57710C17-FBAC-4479-A8DA-082BAB3CBA53}.Release|Windows-ARM.Build.0 = Release|Any CPU
		{57710C17-FBAC-4479-A8DA-082BAB3CBA53}.Release|Windows-x64.ActiveCfg = Release|Any CPU
		{57710C17-FBAC-4479-A8DA-082BAB3CBA53}.Release|Windows-x64.Build.0 = Release|Any CPU
		{57710C17-FBAC-4479-A8DA-082BAB3CBA53}.Release|Windows-x86.ActiveCfg = Release|Any CPU
		{57710C17-FBAC-4479-A8DA-082BAB3CBA53}.Release|Windows-x86.Build.0 = Release|Any CPU
		{4AC7B2AC-9389-46B3-8E3F-0D412700C354}.Debug|Android.ActiveCfg = Debug|Any CPU
		{4AC7B2AC-9389-46B3-8E3F-0D412700C354}.Debug|Android.Build.0 = Debug|Any CPU
		{4AC7B2AC-9389-46B3-8E3F-0D412700C354}.Debug|Any CPU.ActiveCfg = Debug|Any CPU
		{4AC7B2AC-9389-46B3-8E3F-0D412700C354}.Debug|Any CPU.Build.0 = Debug|Any CPU
		{4AC7B2AC-9389-46B3-8E3F-0D412700C354}.Debug|iOS.ActiveCfg = Debug|Any CPU
		{4AC7B2AC-9389-46B3-8E3F-0D412700C354}.Debug|iOS.Build.0 = Debug|Any CPU
		{4AC7B2AC-9389-46B3-8E3F-0D412700C354}.Debug|Windows-ARM.ActiveCfg = Debug|Any CPU
		{4AC7B2AC-9389-46B3-8E3F-0D412700C354}.Debug|Windows-ARM.Build.0 = Debug|Any CPU
		{4AC7B2AC-9389-46B3-8E3F-0D412700C354}.Debug|Windows-x64.ActiveCfg = Debug|Any CPU
		{4AC7B2AC-9389-46B3-8E3F-0D412700C354}.Debug|Windows-x64.Build.0 = Debug|Any CPU
		{4AC7B2AC-9389-46B3-8E3F-0D412700C354}.Debug|Windows-x86.ActiveCfg = Debug|Any CPU
		{4AC7B2AC-9389-46B3-8E3F-0D412700C354}.Debug|Windows-x86.Build.0 = Debug|Any CPU
		{4AC7B2AC-9389-46B3-8E3F-0D412700C354}.Release|Android.ActiveCfg = Release|Any CPU
		{4AC7B2AC-9389-46B3-8E3F-0D412700C354}.Release|Android.Build.0 = Release|Any CPU
		{4AC7B2AC-9389-46B3-8E3F-0D412700C354}.Release|Any CPU.ActiveCfg = Release|Any CPU
		{4AC7B2AC-9389-46B3-8E3F-0D412700C354}.Release|Any CPU.Build.0 = Release|Any CPU
		{4AC7B2AC-9389-46B3-8E3F-0D412700C354}.Release|iOS.ActiveCfg = Release|Any CPU
		{4AC7B2AC-9389-46B3-8E3F-0D412700C354}.Release|iOS.Build.0 = Release|Any CPU
		{4AC7B2AC-9389-46B3-8E3F-0D412700C354}.Release|Windows-ARM.ActiveCfg = Release|Any CPU
		{4AC7B2AC-9389-46B3-8E3F-0D412700C354}.Release|Windows-ARM.Build.0 = Release|Any CPU
		{4AC7B2AC-9389-46B3-8E3F-0D412700C354}.Release|Windows-x64.ActiveCfg = Release|Any CPU
		{4AC7B2AC-9389-46B3-8E3F-0D412700C354}.Release|Windows-x64.Build.0 = Release|Any CPU
		{4AC7B2AC-9389-46B3-8E3F-0D412700C354}.Release|Windows-x86.ActiveCfg = Release|Any CPU
		{4AC7B2AC-9389-46B3-8E3F-0D412700C354}.Release|Windows-x86.Build.0 = Release|Any CPU
		{1160D577-706D-4CF8-BD6D-77C1B395021C}.Debug|Android.ActiveCfg = Debug|Any CPU
		{1160D577-706D-4CF8-BD6D-77C1B395021C}.Debug|Android.Build.0 = Debug|Any CPU
		{1160D577-706D-4CF8-BD6D-77C1B395021C}.Debug|Any CPU.ActiveCfg = Debug|Any CPU
		{1160D577-706D-4CF8-BD6D-77C1B395021C}.Debug|Any CPU.Build.0 = Debug|Any CPU
		{1160D577-706D-4CF8-BD6D-77C1B395021C}.Debug|iOS.ActiveCfg = Debug|Any CPU
		{1160D577-706D-4CF8-BD6D-77C1B395021C}.Debug|iOS.Build.0 = Debug|Any CPU
		{1160D577-706D-4CF8-BD6D-77C1B395021C}.Debug|Windows-ARM.ActiveCfg = Debug|Any CPU
		{1160D577-706D-4CF8-BD6D-77C1B395021C}.Debug|Windows-ARM.Build.0 = Debug|Any CPU
		{1160D577-706D-4CF8-BD6D-77C1B395021C}.Debug|Windows-x64.ActiveCfg = Debug|Any CPU
		{1160D577-706D-4CF8-BD6D-77C1B395021C}.Debug|Windows-x64.Build.0 = Debug|Any CPU
		{1160D577-706D-4CF8-BD6D-77C1B395021C}.Debug|Windows-x86.ActiveCfg = Debug|Any CPU
		{1160D577-706D-4CF8-BD6D-77C1B395021C}.Debug|Windows-x86.Build.0 = Debug|Any CPU
		{1160D577-706D-4CF8-BD6D-77C1B395021C}.Release|Android.ActiveCfg = Release|Any CPU
		{1160D577-706D-4CF8-BD6D-77C1B395021C}.Release|Android.Build.0 = Release|Any CPU
		{1160D577-706D-4CF8-BD6D-77C1B395021C}.Release|Any CPU.ActiveCfg = Release|Any CPU
		{1160D577-706D-4CF8-BD6D-77C1B395021C}.Release|Any CPU.Build.0 = Release|Any CPU
		{1160D577-706D-4CF8-BD6D-77C1B395021C}.Release|iOS.ActiveCfg = Release|Any CPU
		{1160D577-706D-4CF8-BD6D-77C1B395021C}.Release|iOS.Build.0 = Release|Any CPU
		{1160D577-706D-4CF8-BD6D-77C1B395021C}.Release|Windows-ARM.ActiveCfg = Release|Any CPU
		{1160D577-706D-4CF8-BD6D-77C1B395021C}.Release|Windows-ARM.Build.0 = Release|Any CPU
		{1160D577-706D-4CF8-BD6D-77C1B395021C}.Release|Windows-x64.ActiveCfg = Release|Any CPU
		{1160D577-706D-4CF8-BD6D-77C1B395021C}.Release|Windows-x64.Build.0 = Release|Any CPU
		{1160D577-706D-4CF8-BD6D-77C1B395021C}.Release|Windows-x86.ActiveCfg = Release|Any CPU
		{1160D577-706D-4CF8-BD6D-77C1B395021C}.Release|Windows-x86.Build.0 = Release|Any CPU
		{F6FC63CE-7C45-4B0D-8F4F-125C806C6880}.Debug|Android.ActiveCfg = Debug|Any CPU
		{F6FC63CE-7C45-4B0D-8F4F-125C806C6880}.Debug|Android.Build.0 = Debug|Any CPU
		{F6FC63CE-7C45-4B0D-8F4F-125C806C6880}.Debug|Any CPU.ActiveCfg = Debug|Any CPU
		{F6FC63CE-7C45-4B0D-8F4F-125C806C6880}.Debug|Any CPU.Build.0 = Debug|Any CPU
		{F6FC63CE-7C45-4B0D-8F4F-125C806C6880}.Debug|iOS.ActiveCfg = Debug|Any CPU
		{F6FC63CE-7C45-4B0D-8F4F-125C806C6880}.Debug|iOS.Build.0 = Debug|Any CPU
		{F6FC63CE-7C45-4B0D-8F4F-125C806C6880}.Debug|Windows-ARM.ActiveCfg = Debug|Any CPU
		{F6FC63CE-7C45-4B0D-8F4F-125C806C6880}.Debug|Windows-ARM.Build.0 = Debug|Any CPU
		{F6FC63CE-7C45-4B0D-8F4F-125C806C6880}.Debug|Windows-x64.ActiveCfg = Debug|Any CPU
		{F6FC63CE-7C45-4B0D-8F4F-125C806C6880}.Debug|Windows-x64.Build.0 = Debug|Any CPU
		{F6FC63CE-7C45-4B0D-8F4F-125C806C6880}.Debug|Windows-x86.ActiveCfg = Debug|Any CPU
		{F6FC63CE-7C45-4B0D-8F4F-125C806C6880}.Debug|Windows-x86.Build.0 = Debug|Any CPU
		{F6FC63CE-7C45-4B0D-8F4F-125C806C6880}.Release|Android.ActiveCfg = Release|Any CPU
		{F6FC63CE-7C45-4B0D-8F4F-125C806C6880}.Release|Android.Build.0 = Release|Any CPU
		{F6FC63CE-7C45-4B0D-8F4F-125C806C6880}.Release|Any CPU.ActiveCfg = Release|Any CPU
		{F6FC63CE-7C45-4B0D-8F4F-125C806C6880}.Release|Any CPU.Build.0 = Release|Any CPU
		{F6FC63CE-7C45-4B0D-8F4F-125C806C6880}.Release|iOS.ActiveCfg = Release|Any CPU
		{F6FC63CE-7C45-4B0D-8F4F-125C806C6880}.Release|iOS.Build.0 = Release|Any CPU
		{F6FC63CE-7C45-4B0D-8F4F-125C806C6880}.Release|Windows-ARM.ActiveCfg = Release|Any CPU
		{F6FC63CE-7C45-4B0D-8F4F-125C806C6880}.Release|Windows-ARM.Build.0 = Release|Any CPU
		{F6FC63CE-7C45-4B0D-8F4F-125C806C6880}.Release|Windows-x64.ActiveCfg = Release|Any CPU
		{F6FC63CE-7C45-4B0D-8F4F-125C806C6880}.Release|Windows-x64.Build.0 = Release|Any CPU
		{F6FC63CE-7C45-4B0D-8F4F-125C806C6880}.Release|Windows-x86.ActiveCfg = Release|Any CPU
		{F6FC63CE-7C45-4B0D-8F4F-125C806C6880}.Release|Windows-x86.Build.0 = Release|Any CPU
		{6663E052-9635-4B67-9DF0-4BE0E0DD93C0}.Debug|Android.ActiveCfg = Debug|Any CPU
		{6663E052-9635-4B67-9DF0-4BE0E0DD93C0}.Debug|Android.Build.0 = Debug|Any CPU
		{6663E052-9635-4B67-9DF0-4BE0E0DD93C0}.Debug|Any CPU.ActiveCfg = Debug|Any CPU
		{6663E052-9635-4B67-9DF0-4BE0E0DD93C0}.Debug|Any CPU.Build.0 = Debug|Any CPU
		{6663E052-9635-4B67-9DF0-4BE0E0DD93C0}.Debug|iOS.ActiveCfg = Debug|Any CPU
		{6663E052-9635-4B67-9DF0-4BE0E0DD93C0}.Debug|iOS.Build.0 = Debug|Any CPU
		{6663E052-9635-4B67-9DF0-4BE0E0DD93C0}.Debug|Windows-ARM.ActiveCfg = Debug|Any CPU
		{6663E052-9635-4B67-9DF0-4BE0E0DD93C0}.Debug|Windows-ARM.Build.0 = Debug|Any CPU
		{6663E052-9635-4B67-9DF0-4BE0E0DD93C0}.Debug|Windows-x64.ActiveCfg = Debug|Any CPU
		{6663E052-9635-4B67-9DF0-4BE0E0DD93C0}.Debug|Windows-x64.Build.0 = Debug|Any CPU
		{6663E052-9635-4B67-9DF0-4BE0E0DD93C0}.Debug|Windows-x86.ActiveCfg = Debug|Any CPU
		{6663E052-9635-4B67-9DF0-4BE0E0DD93C0}.Debug|Windows-x86.Build.0 = Debug|Any CPU
		{6663E052-9635-4B67-9DF0-4BE0E0DD93C0}.Release|Android.ActiveCfg = Release|Any CPU
		{6663E052-9635-4B67-9DF0-4BE0E0DD93C0}.Release|Android.Build.0 = Release|Any CPU
		{6663E052-9635-4B67-9DF0-4BE0E0DD93C0}.Release|Any CPU.ActiveCfg = Release|Any CPU
		{6663E052-9635-4B67-9DF0-4BE0E0DD93C0}.Release|Any CPU.Build.0 = Release|Any CPU
		{6663E052-9635-4B67-9DF0-4BE0E0DD93C0}.Release|iOS.ActiveCfg = Release|Any CPU
		{6663E052-9635-4B67-9DF0-4BE0E0DD93C0}.Release|iOS.Build.0 = Release|Any CPU
		{6663E052-9635-4B67-9DF0-4BE0E0DD93C0}.Release|Windows-ARM.ActiveCfg = Release|Any CPU
		{6663E052-9635-4B67-9DF0-4BE0E0DD93C0}.Release|Windows-ARM.Build.0 = Release|Any CPU
		{6663E052-9635-4B67-9DF0-4BE0E0DD93C0}.Release|Windows-x64.ActiveCfg = Release|Any CPU
		{6663E052-9635-4B67-9DF0-4BE0E0DD93C0}.Release|Windows-x64.Build.0 = Release|Any CPU
		{6663E052-9635-4B67-9DF0-4BE0E0DD93C0}.Release|Windows-x86.ActiveCfg = Release|Any CPU
		{6663E052-9635-4B67-9DF0-4BE0E0DD93C0}.Release|Windows-x86.Build.0 = Release|Any CPU
		{CA7DEE1F-65B6-4A01-92C5-128BD749AB02}.Debug|Android.ActiveCfg = Debug|Any CPU
		{CA7DEE1F-65B6-4A01-92C5-128BD749AB02}.Debug|Android.Build.0 = Debug|Any CPU
		{CA7DEE1F-65B6-4A01-92C5-128BD749AB02}.Debug|Any CPU.ActiveCfg = Debug|Any CPU
		{CA7DEE1F-65B6-4A01-92C5-128BD749AB02}.Debug|Any CPU.Build.0 = Debug|Any CPU
		{CA7DEE1F-65B6-4A01-92C5-128BD749AB02}.Debug|iOS.ActiveCfg = Debug|Any CPU
		{CA7DEE1F-65B6-4A01-92C5-128BD749AB02}.Debug|iOS.Build.0 = Debug|Any CPU
		{CA7DEE1F-65B6-4A01-92C5-128BD749AB02}.Debug|Windows-ARM.ActiveCfg = Debug|Any CPU
		{CA7DEE1F-65B6-4A01-92C5-128BD749AB02}.Debug|Windows-ARM.Build.0 = Debug|Any CPU
		{CA7DEE1F-65B6-4A01-92C5-128BD749AB02}.Debug|Windows-x64.ActiveCfg = Debug|Any CPU
		{CA7DEE1F-65B6-4A01-92C5-128BD749AB02}.Debug|Windows-x64.Build.0 = Debug|Any CPU
		{CA7DEE1F-65B6-4A01-92C5-128BD749AB02}.Debug|Windows-x86.ActiveCfg = Debug|Any CPU
		{CA7DEE1F-65B6-4A01-92C5-128BD749AB02}.Debug|Windows-x86.Build.0 = Debug|Any CPU
		{CA7DEE1F-65B6-4A01-92C5-128BD749AB02}.Release|Android.ActiveCfg = Release|Any CPU
		{CA7DEE1F-65B6-4A01-92C5-128BD749AB02}.Release|Android.Build.0 = Release|Any CPU
		{CA7DEE1F-65B6-4A01-92C5-128BD749AB02}.Release|Any CPU.ActiveCfg = Release|Any CPU
		{CA7DEE1F-65B6-4A01-92C5-128BD749AB02}.Release|Any CPU.Build.0 = Release|Any CPU
		{CA7DEE1F-65B6-4A01-92C5-128BD749AB02}.Release|iOS.ActiveCfg = Release|Any CPU
		{CA7DEE1F-65B6-4A01-92C5-128BD749AB02}.Release|iOS.Build.0 = Release|Any CPU
		{CA7DEE1F-65B6-4A01-92C5-128BD749AB02}.Release|Windows-ARM.ActiveCfg = Release|Any CPU
		{CA7DEE1F-65B6-4A01-92C5-128BD749AB02}.Release|Windows-ARM.Build.0 = Release|Any CPU
		{CA7DEE1F-65B6-4A01-92C5-128BD749AB02}.Release|Windows-x64.ActiveCfg = Release|Any CPU
		{CA7DEE1F-65B6-4A01-92C5-128BD749AB02}.Release|Windows-x64.Build.0 = Release|Any CPU
		{CA7DEE1F-65B6-4A01-92C5-128BD749AB02}.Release|Windows-x86.ActiveCfg = Release|Any CPU
		{CA7DEE1F-65B6-4A01-92C5-128BD749AB02}.Release|Windows-x86.Build.0 = Release|Any CPU
		{6A11C48B-6946-4FCF-88D5-C6E754AC9521}.Debug|Android.ActiveCfg = Debug|Any CPU
		{6A11C48B-6946-4FCF-88D5-C6E754AC9521}.Debug|Android.Build.0 = Debug|Any CPU
		{6A11C48B-6946-4FCF-88D5-C6E754AC9521}.Debug|Any CPU.ActiveCfg = Debug|Any CPU
		{6A11C48B-6946-4FCF-88D5-C6E754AC9521}.Debug|Any CPU.Build.0 = Debug|Any CPU
		{6A11C48B-6946-4FCF-88D5-C6E754AC9521}.Debug|iOS.ActiveCfg = Debug|Any CPU
		{6A11C48B-6946-4FCF-88D5-C6E754AC9521}.Debug|iOS.Build.0 = Debug|Any CPU
		{6A11C48B-6946-4FCF-88D5-C6E754AC9521}.Debug|Windows-ARM.ActiveCfg = Debug|Any CPU
		{6A11C48B-6946-4FCF-88D5-C6E754AC9521}.Debug|Windows-ARM.Build.0 = Debug|Any CPU
		{6A11C48B-6946-4FCF-88D5-C6E754AC9521}.Debug|Windows-x64.ActiveCfg = Debug|Any CPU
		{6A11C48B-6946-4FCF-88D5-C6E754AC9521}.Debug|Windows-x64.Build.0 = Debug|Any CPU
		{6A11C48B-6946-4FCF-88D5-C6E754AC9521}.Debug|Windows-x86.ActiveCfg = Debug|Any CPU
		{6A11C48B-6946-4FCF-88D5-C6E754AC9521}.Debug|Windows-x86.Build.0 = Debug|Any CPU
		{6A11C48B-6946-4FCF-88D5-C6E754AC9521}.Release|Android.ActiveCfg = Release|Any CPU
		{6A11C48B-6946-4FCF-88D5-C6E754AC9521}.Release|Android.Build.0 = Release|Any CPU
		{6A11C48B-6946-4FCF-88D5-C6E754AC9521}.Release|Any CPU.ActiveCfg = Release|Any CPU
		{6A11C48B-6946-4FCF-88D5-C6E754AC9521}.Release|Any CPU.Build.0 = Release|Any CPU
		{6A11C48B-6946-4FCF-88D5-C6E754AC9521}.Release|iOS.ActiveCfg = Release|Any CPU
		{6A11C48B-6946-4FCF-88D5-C6E754AC9521}.Release|iOS.Build.0 = Release|Any CPU
		{6A11C48B-6946-4FCF-88D5-C6E754AC9521}.Release|Windows-ARM.ActiveCfg = Release|Any CPU
		{6A11C48B-6946-4FCF-88D5-C6E754AC9521}.Release|Windows-ARM.Build.0 = Release|Any CPU
		{6A11C48B-6946-4FCF-88D5-C6E754AC9521}.Release|Windows-x64.ActiveCfg = Release|Any CPU
		{6A11C48B-6946-4FCF-88D5-C6E754AC9521}.Release|Windows-x64.Build.0 = Release|Any CPU
		{6A11C48B-6946-4FCF-88D5-C6E754AC9521}.Release|Windows-x86.ActiveCfg = Release|Any CPU
		{6A11C48B-6946-4FCF-88D5-C6E754AC9521}.Release|Windows-x86.Build.0 = Release|Any CPU
		{70978D1D-7DAE-4E33-BB32-30D0501335DA}.Debug|Android.ActiveCfg = Debug|Any CPU
		{70978D1D-7DAE-4E33-BB32-30D0501335DA}.Debug|Android.Build.0 = Debug|Any CPU
		{70978D1D-7DAE-4E33-BB32-30D0501335DA}.Debug|Any CPU.ActiveCfg = Debug|Any CPU
		{70978D1D-7DAE-4E33-BB32-30D0501335DA}.Debug|Any CPU.Build.0 = Debug|Any CPU
		{70978D1D-7DAE-4E33-BB32-30D0501335DA}.Debug|iOS.ActiveCfg = Debug|Any CPU
		{70978D1D-7DAE-4E33-BB32-30D0501335DA}.Debug|iOS.Build.0 = Debug|Any CPU
		{70978D1D-7DAE-4E33-BB32-30D0501335DA}.Debug|Windows-ARM.ActiveCfg = Debug|Any CPU
		{70978D1D-7DAE-4E33-BB32-30D0501335DA}.Debug|Windows-ARM.Build.0 = Debug|Any CPU
		{70978D1D-7DAE-4E33-BB32-30D0501335DA}.Debug|Windows-x64.ActiveCfg = Debug|Any CPU
		{70978D1D-7DAE-4E33-BB32-30D0501335DA}.Debug|Windows-x64.Build.0 = Debug|Any CPU
		{70978D1D-7DAE-4E33-BB32-30D0501335DA}.Debug|Windows-x86.ActiveCfg = Debug|Any CPU
		{70978D1D-7DAE-4E33-BB32-30D0501335DA}.Debug|Windows-x86.Build.0 = Debug|Any CPU
		{70978D1D-7DAE-4E33-BB32-30D0501335DA}.Release|Android.ActiveCfg = Release|Any CPU
		{70978D1D-7DAE-4E33-BB32-30D0501335DA}.Release|Android.Build.0 = Release|Any CPU
		{70978D1D-7DAE-4E33-BB32-30D0501335DA}.Release|Any CPU.ActiveCfg = Release|Any CPU
		{70978D1D-7DAE-4E33-BB32-30D0501335DA}.Release|Any CPU.Build.0 = Release|Any CPU
		{70978D1D-7DAE-4E33-BB32-30D0501335DA}.Release|iOS.ActiveCfg = Release|Any CPU
		{70978D1D-7DAE-4E33-BB32-30D0501335DA}.Release|iOS.Build.0 = Release|Any CPU
		{70978D1D-7DAE-4E33-BB32-30D0501335DA}.Release|Windows-ARM.ActiveCfg = Release|Any CPU
		{70978D1D-7DAE-4E33-BB32-30D0501335DA}.Release|Windows-ARM.Build.0 = Release|Any CPU
		{70978D1D-7DAE-4E33-BB32-30D0501335DA}.Release|Windows-x64.ActiveCfg = Release|Any CPU
		{70978D1D-7DAE-4E33-BB32-30D0501335DA}.Release|Windows-x64.Build.0 = Release|Any CPU
		{70978D1D-7DAE-4E33-BB32-30D0501335DA}.Release|Windows-x86.ActiveCfg = Release|Any CPU
		{70978D1D-7DAE-4E33-BB32-30D0501335DA}.Release|Windows-x86.Build.0 = Release|Any CPU
		{3172CD98-3F90-4195-A1BF-75C2B09671F0}.Debug|Android.ActiveCfg = Debug|Android
		{3172CD98-3F90-4195-A1BF-75C2B09671F0}.Debug|Android.Build.0 = Debug|Android
		{3172CD98-3F90-4195-A1BF-75C2B09671F0}.Debug|Android.Deploy.0 = Debug|Android
		{3172CD98-3F90-4195-A1BF-75C2B09671F0}.Debug|Any CPU.ActiveCfg = Debug|Android
		{3172CD98-3F90-4195-A1BF-75C2B09671F0}.Debug|Any CPU.Build.0 = Debug|Android
		{3172CD98-3F90-4195-A1BF-75C2B09671F0}.Debug|Any CPU.Deploy.0 = Debug|Android
		{3172CD98-3F90-4195-A1BF-75C2B09671F0}.Debug|iOS.ActiveCfg = Debug|iOS
		{3172CD98-3F90-4195-A1BF-75C2B09671F0}.Debug|iOS.Build.0 = Debug|iOS
		{3172CD98-3F90-4195-A1BF-75C2B09671F0}.Debug|iOS.Deploy.0 = Debug|iOS
		{3172CD98-3F90-4195-A1BF-75C2B09671F0}.Debug|Windows-ARM.ActiveCfg = Debug|Windows-ARM
		{3172CD98-3F90-4195-A1BF-75C2B09671F0}.Debug|Windows-ARM.Build.0 = Debug|Windows-ARM
		{3172CD98-3F90-4195-A1BF-75C2B09671F0}.Debug|Windows-ARM.Deploy.0 = Debug|Windows-ARM
		{3172CD98-3F90-4195-A1BF-75C2B09671F0}.Debug|Windows-x64.ActiveCfg = Debug|Windows-x64
		{3172CD98-3F90-4195-A1BF-75C2B09671F0}.Debug|Windows-x64.Build.0 = Debug|Windows-x64
		{3172CD98-3F90-4195-A1BF-75C2B09671F0}.Debug|Windows-x64.Deploy.0 = Debug|Windows-x64
		{3172CD98-3F90-4195-A1BF-75C2B09671F0}.Debug|Windows-x86.ActiveCfg = Debug|Windows-x86
		{3172CD98-3F90-4195-A1BF-75C2B09671F0}.Debug|Windows-x86.Build.0 = Debug|Windows-x86
		{3172CD98-3F90-4195-A1BF-75C2B09671F0}.Debug|Windows-x86.Deploy.0 = Debug|Windows-x86
		{3172CD98-3F90-4195-A1BF-75C2B09671F0}.Release|Android.ActiveCfg = Release|Android
		{3172CD98-3F90-4195-A1BF-75C2B09671F0}.Release|Android.Build.0 = Release|Android
		{3172CD98-3F90-4195-A1BF-75C2B09671F0}.Release|Android.Deploy.0 = Release|Android
		{3172CD98-3F90-4195-A1BF-75C2B09671F0}.Release|Any CPU.ActiveCfg = Release|Android
		{3172CD98-3F90-4195-A1BF-75C2B09671F0}.Release|iOS.ActiveCfg = Release|iOS
		{3172CD98-3F90-4195-A1BF-75C2B09671F0}.Release|iOS.Build.0 = Release|iOS
		{3172CD98-3F90-4195-A1BF-75C2B09671F0}.Release|iOS.Deploy.0 = Release|iOS
		{3172CD98-3F90-4195-A1BF-75C2B09671F0}.Release|Windows-ARM.ActiveCfg = Release|Windows-ARM
		{3172CD98-3F90-4195-A1BF-75C2B09671F0}.Release|Windows-ARM.Build.0 = Release|Windows-ARM
		{3172CD98-3F90-4195-A1BF-75C2B09671F0}.Release|Windows-ARM.Deploy.0 = Release|Windows-ARM
		{3172CD98-3F90-4195-A1BF-75C2B09671F0}.Release|Windows-x64.ActiveCfg = Release|Windows-x64
		{3172CD98-3F90-4195-A1BF-75C2B09671F0}.Release|Windows-x64.Build.0 = Release|Windows-x64
		{3172CD98-3F90-4195-A1BF-75C2B09671F0}.Release|Windows-x64.Deploy.0 = Release|Windows-x64
		{3172CD98-3F90-4195-A1BF-75C2B09671F0}.Release|Windows-x86.ActiveCfg = Release|Windows-x86
		{3172CD98-3F90-4195-A1BF-75C2B09671F0}.Release|Windows-x86.Build.0 = Release|Windows-x86
		{3172CD98-3F90-4195-A1BF-75C2B09671F0}.Release|Windows-x86.Deploy.0 = Release|Windows-x86
		{D06958A5-1F9B-48F4-ACE1-36BCA179910E}.Debug|Android.ActiveCfg = Debug|Any CPU
		{D06958A5-1F9B-48F4-ACE1-36BCA179910E}.Debug|Android.Build.0 = Debug|Any CPU
		{D06958A5-1F9B-48F4-ACE1-36BCA179910E}.Debug|Any CPU.ActiveCfg = Debug|Any CPU
		{D06958A5-1F9B-48F4-ACE1-36BCA179910E}.Debug|Any CPU.Build.0 = Debug|Any CPU
		{D06958A5-1F9B-48F4-ACE1-36BCA179910E}.Debug|iOS.ActiveCfg = Debug|Any CPU
		{D06958A5-1F9B-48F4-ACE1-36BCA179910E}.Debug|iOS.Build.0 = Debug|Any CPU
		{D06958A5-1F9B-48F4-ACE1-36BCA179910E}.Debug|Windows-ARM.ActiveCfg = Debug|Any CPU
		{D06958A5-1F9B-48F4-ACE1-36BCA179910E}.Debug|Windows-ARM.Build.0 = Debug|Any CPU
		{D06958A5-1F9B-48F4-ACE1-36BCA179910E}.Debug|Windows-x64.ActiveCfg = Debug|Any CPU
		{D06958A5-1F9B-48F4-ACE1-36BCA179910E}.Debug|Windows-x64.Build.0 = Debug|Any CPU
		{D06958A5-1F9B-48F4-ACE1-36BCA179910E}.Debug|Windows-x86.ActiveCfg = Debug|Any CPU
		{D06958A5-1F9B-48F4-ACE1-36BCA179910E}.Debug|Windows-x86.Build.0 = Debug|Any CPU
		{D06958A5-1F9B-48F4-ACE1-36BCA179910E}.Release|Android.ActiveCfg = Release|Any CPU
		{D06958A5-1F9B-48F4-ACE1-36BCA179910E}.Release|Android.Build.0 = Release|Any CPU
		{D06958A5-1F9B-48F4-ACE1-36BCA179910E}.Release|Any CPU.ActiveCfg = Release|Any CPU
		{D06958A5-1F9B-48F4-ACE1-36BCA179910E}.Release|Any CPU.Build.0 = Release|Any CPU
		{D06958A5-1F9B-48F4-ACE1-36BCA179910E}.Release|iOS.ActiveCfg = Release|Any CPU
		{D06958A5-1F9B-48F4-ACE1-36BCA179910E}.Release|iOS.Build.0 = Release|Any CPU
		{D06958A5-1F9B-48F4-ACE1-36BCA179910E}.Release|Windows-ARM.ActiveCfg = Release|Any CPU
		{D06958A5-1F9B-48F4-ACE1-36BCA179910E}.Release|Windows-ARM.Build.0 = Release|Any CPU
		{D06958A5-1F9B-48F4-ACE1-36BCA179910E}.Release|Windows-x64.ActiveCfg = Release|Any CPU
		{D06958A5-1F9B-48F4-ACE1-36BCA179910E}.Release|Windows-x64.Build.0 = Release|Any CPU
		{D06958A5-1F9B-48F4-ACE1-36BCA179910E}.Release|Windows-x86.ActiveCfg = Release|Any CPU
		{D06958A5-1F9B-48F4-ACE1-36BCA179910E}.Release|Windows-x86.Build.0 = Release|Any CPU
		{A74729A7-0D89-45D8-A8A0-4C288CF2B90E}.Debug|Android.ActiveCfg = Debug|Any CPU
		{A74729A7-0D89-45D8-A8A0-4C288CF2B90E}.Debug|Android.Build.0 = Debug|Any CPU
		{A74729A7-0D89-45D8-A8A0-4C288CF2B90E}.Debug|Any CPU.ActiveCfg = Debug|Any CPU
		{A74729A7-0D89-45D8-A8A0-4C288CF2B90E}.Debug|Any CPU.Build.0 = Debug|Any CPU
		{A74729A7-0D89-45D8-A8A0-4C288CF2B90E}.Debug|iOS.ActiveCfg = Debug|Any CPU
		{A74729A7-0D89-45D8-A8A0-4C288CF2B90E}.Debug|iOS.Build.0 = Debug|Any CPU
		{A74729A7-0D89-45D8-A8A0-4C288CF2B90E}.Debug|Windows-ARM.ActiveCfg = Debug|Any CPU
		{A74729A7-0D89-45D8-A8A0-4C288CF2B90E}.Debug|Windows-ARM.Build.0 = Debug|Any CPU
		{A74729A7-0D89-45D8-A8A0-4C288CF2B90E}.Debug|Windows-x64.ActiveCfg = Debug|Any CPU
		{A74729A7-0D89-45D8-A8A0-4C288CF2B90E}.Debug|Windows-x64.Build.0 = Debug|Any CPU
		{A74729A7-0D89-45D8-A8A0-4C288CF2B90E}.Debug|Windows-x86.ActiveCfg = Debug|Any CPU
		{A74729A7-0D89-45D8-A8A0-4C288CF2B90E}.Debug|Windows-x86.Build.0 = Debug|Any CPU
		{A74729A7-0D89-45D8-A8A0-4C288CF2B90E}.Release|Android.ActiveCfg = Release|Any CPU
		{A74729A7-0D89-45D8-A8A0-4C288CF2B90E}.Release|Android.Build.0 = Release|Any CPU
		{A74729A7-0D89-45D8-A8A0-4C288CF2B90E}.Release|Any CPU.ActiveCfg = Release|Any CPU
		{A74729A7-0D89-45D8-A8A0-4C288CF2B90E}.Release|Any CPU.Build.0 = Release|Any CPU
		{A74729A7-0D89-45D8-A8A0-4C288CF2B90E}.Release|iOS.ActiveCfg = Release|Any CPU
		{A74729A7-0D89-45D8-A8A0-4C288CF2B90E}.Release|iOS.Build.0 = Release|Any CPU
		{A74729A7-0D89-45D8-A8A0-4C288CF2B90E}.Release|Windows-ARM.ActiveCfg = Release|Any CPU
		{A74729A7-0D89-45D8-A8A0-4C288CF2B90E}.Release|Windows-ARM.Build.0 = Release|Any CPU
		{A74729A7-0D89-45D8-A8A0-4C288CF2B90E}.Release|Windows-x64.ActiveCfg = Release|Any CPU
		{A74729A7-0D89-45D8-A8A0-4C288CF2B90E}.Release|Windows-x64.Build.0 = Release|Any CPU
		{A74729A7-0D89-45D8-A8A0-4C288CF2B90E}.Release|Windows-x86.ActiveCfg = Release|Any CPU
		{A74729A7-0D89-45D8-A8A0-4C288CF2B90E}.Release|Windows-x86.Build.0 = Release|Any CPU
		{CD66BBE5-6EDC-4366-A954-E0FB1AB7C553}.Debug|Android.ActiveCfg = Debug|Any CPU
		{CD66BBE5-6EDC-4366-A954-E0FB1AB7C553}.Debug|Android.Build.0 = Debug|Any CPU
		{CD66BBE5-6EDC-4366-A954-E0FB1AB7C553}.Debug|Any CPU.ActiveCfg = Debug|Any CPU
		{CD66BBE5-6EDC-4366-A954-E0FB1AB7C553}.Debug|Any CPU.Build.0 = Debug|Any CPU
		{CD66BBE5-6EDC-4366-A954-E0FB1AB7C553}.Debug|iOS.ActiveCfg = Debug|Any CPU
		{CD66BBE5-6EDC-4366-A954-E0FB1AB7C553}.Debug|iOS.Build.0 = Debug|Any CPU
		{CD66BBE5-6EDC-4366-A954-E0FB1AB7C553}.Debug|Windows-ARM.ActiveCfg = Debug|Any CPU
		{CD66BBE5-6EDC-4366-A954-E0FB1AB7C553}.Debug|Windows-ARM.Build.0 = Debug|Any CPU
		{CD66BBE5-6EDC-4366-A954-E0FB1AB7C553}.Debug|Windows-x64.ActiveCfg = Debug|Any CPU
		{CD66BBE5-6EDC-4366-A954-E0FB1AB7C553}.Debug|Windows-x64.Build.0 = Debug|Any CPU
		{CD66BBE5-6EDC-4366-A954-E0FB1AB7C553}.Debug|Windows-x86.ActiveCfg = Debug|Any CPU
		{CD66BBE5-6EDC-4366-A954-E0FB1AB7C553}.Debug|Windows-x86.Build.0 = Debug|Any CPU
		{CD66BBE5-6EDC-4366-A954-E0FB1AB7C553}.Release|Android.ActiveCfg = Release|Any CPU
		{CD66BBE5-6EDC-4366-A954-E0FB1AB7C553}.Release|Android.Build.0 = Release|Any CPU
		{CD66BBE5-6EDC-4366-A954-E0FB1AB7C553}.Release|Any CPU.ActiveCfg = Release|Any CPU
		{CD66BBE5-6EDC-4366-A954-E0FB1AB7C553}.Release|Any CPU.Build.0 = Release|Any CPU
		{CD66BBE5-6EDC-4366-A954-E0FB1AB7C553}.Release|iOS.ActiveCfg = Release|Any CPU
		{CD66BBE5-6EDC-4366-A954-E0FB1AB7C553}.Release|iOS.Build.0 = Release|Any CPU
		{CD66BBE5-6EDC-4366-A954-E0FB1AB7C553}.Release|Windows-ARM.ActiveCfg = Release|Any CPU
		{CD66BBE5-6EDC-4366-A954-E0FB1AB7C553}.Release|Windows-ARM.Build.0 = Release|Any CPU
		{CD66BBE5-6EDC-4366-A954-E0FB1AB7C553}.Release|Windows-x64.ActiveCfg = Release|Any CPU
		{CD66BBE5-6EDC-4366-A954-E0FB1AB7C553}.Release|Windows-x64.Build.0 = Release|Any CPU
		{CD66BBE5-6EDC-4366-A954-E0FB1AB7C553}.Release|Windows-x86.ActiveCfg = Release|Any CPU
		{CD66BBE5-6EDC-4366-A954-E0FB1AB7C553}.Release|Windows-x86.Build.0 = Release|Any CPU
		{615F0B49-CAC3-4C4C-95EC-014D23E8940F}.Debug|Android.ActiveCfg = Debug|Any CPU
		{615F0B49-CAC3-4C4C-95EC-014D23E8940F}.Debug|Android.Build.0 = Debug|Any CPU
		{615F0B49-CAC3-4C4C-95EC-014D23E8940F}.Debug|Any CPU.ActiveCfg = Debug|Any CPU
		{615F0B49-CAC3-4C4C-95EC-014D23E8940F}.Debug|Any CPU.Build.0 = Debug|Any CPU
		{615F0B49-CAC3-4C4C-95EC-014D23E8940F}.Debug|iOS.ActiveCfg = Debug|Any CPU
		{615F0B49-CAC3-4C4C-95EC-014D23E8940F}.Debug|iOS.Build.0 = Debug|Any CPU
		{615F0B49-CAC3-4C4C-95EC-014D23E8940F}.Debug|Windows-ARM.ActiveCfg = Debug|Any CPU
		{615F0B49-CAC3-4C4C-95EC-014D23E8940F}.Debug|Windows-ARM.Build.0 = Debug|Any CPU
		{615F0B49-CAC3-4C4C-95EC-014D23E8940F}.Debug|Windows-x64.ActiveCfg = Debug|Any CPU
		{615F0B49-CAC3-4C4C-95EC-014D23E8940F}.Debug|Windows-x64.Build.0 = Debug|Any CPU
		{615F0B49-CAC3-4C4C-95EC-014D23E8940F}.Debug|Windows-x86.ActiveCfg = Debug|Any CPU
		{615F0B49-CAC3-4C4C-95EC-014D23E8940F}.Debug|Windows-x86.Build.0 = Debug|Any CPU
		{615F0B49-CAC3-4C4C-95EC-014D23E8940F}.Release|Android.ActiveCfg = Release|Any CPU
		{615F0B49-CAC3-4C4C-95EC-014D23E8940F}.Release|Android.Build.0 = Release|Any CPU
		{615F0B49-CAC3-4C4C-95EC-014D23E8940F}.Release|Any CPU.ActiveCfg = Release|Any CPU
		{615F0B49-CAC3-4C4C-95EC-014D23E8940F}.Release|Any CPU.Build.0 = Release|Any CPU
		{615F0B49-CAC3-4C4C-95EC-014D23E8940F}.Release|iOS.ActiveCfg = Release|Any CPU
		{615F0B49-CAC3-4C4C-95EC-014D23E8940F}.Release|iOS.Build.0 = Release|Any CPU
		{615F0B49-CAC3-4C4C-95EC-014D23E8940F}.Release|Windows-ARM.ActiveCfg = Release|Any CPU
		{615F0B49-CAC3-4C4C-95EC-014D23E8940F}.Release|Windows-ARM.Build.0 = Release|Any CPU
		{615F0B49-CAC3-4C4C-95EC-014D23E8940F}.Release|Windows-x64.ActiveCfg = Release|Any CPU
		{615F0B49-CAC3-4C4C-95EC-014D23E8940F}.Release|Windows-x64.Build.0 = Release|Any CPU
		{615F0B49-CAC3-4C4C-95EC-014D23E8940F}.Release|Windows-x86.ActiveCfg = Release|Any CPU
		{615F0B49-CAC3-4C4C-95EC-014D23E8940F}.Release|Windows-x86.Build.0 = Release|Any CPU
		{2D6B7854-DB82-4922-B4D5-066AFD9AAD9F}.Debug|Android.ActiveCfg = Debug|Any CPU
		{2D6B7854-DB82-4922-B4D5-066AFD9AAD9F}.Debug|Android.Build.0 = Debug|Any CPU
		{2D6B7854-DB82-4922-B4D5-066AFD9AAD9F}.Debug|Any CPU.ActiveCfg = Debug|Any CPU
		{2D6B7854-DB82-4922-B4D5-066AFD9AAD9F}.Debug|Any CPU.Build.0 = Debug|Any CPU
		{2D6B7854-DB82-4922-B4D5-066AFD9AAD9F}.Debug|iOS.ActiveCfg = Debug|Any CPU
		{2D6B7854-DB82-4922-B4D5-066AFD9AAD9F}.Debug|iOS.Build.0 = Debug|Any CPU
		{2D6B7854-DB82-4922-B4D5-066AFD9AAD9F}.Debug|Windows-ARM.ActiveCfg = Debug|Any CPU
		{2D6B7854-DB82-4922-B4D5-066AFD9AAD9F}.Debug|Windows-ARM.Build.0 = Debug|Any CPU
		{2D6B7854-DB82-4922-B4D5-066AFD9AAD9F}.Debug|Windows-x64.ActiveCfg = Debug|Any CPU
		{2D6B7854-DB82-4922-B4D5-066AFD9AAD9F}.Debug|Windows-x64.Build.0 = Debug|Any CPU
		{2D6B7854-DB82-4922-B4D5-066AFD9AAD9F}.Debug|Windows-x86.ActiveCfg = Debug|Any CPU
		{2D6B7854-DB82-4922-B4D5-066AFD9AAD9F}.Debug|Windows-x86.Build.0 = Debug|Any CPU
		{2D6B7854-DB82-4922-B4D5-066AFD9AAD9F}.Release|Android.ActiveCfg = Release|Any CPU
		{2D6B7854-DB82-4922-B4D5-066AFD9AAD9F}.Release|Android.Build.0 = Release|Any CPU
		{2D6B7854-DB82-4922-B4D5-066AFD9AAD9F}.Release|Any CPU.ActiveCfg = Release|Any CPU
		{2D6B7854-DB82-4922-B4D5-066AFD9AAD9F}.Release|Any CPU.Build.0 = Release|Any CPU
		{2D6B7854-DB82-4922-B4D5-066AFD9AAD9F}.Release|iOS.ActiveCfg = Release|Any CPU
		{2D6B7854-DB82-4922-B4D5-066AFD9AAD9F}.Release|iOS.Build.0 = Release|Any CPU
		{2D6B7854-DB82-4922-B4D5-066AFD9AAD9F}.Release|Windows-ARM.ActiveCfg = Release|Any CPU
		{2D6B7854-DB82-4922-B4D5-066AFD9AAD9F}.Release|Windows-ARM.Build.0 = Release|Any CPU
		{2D6B7854-DB82-4922-B4D5-066AFD9AAD9F}.Release|Windows-x64.ActiveCfg = Release|Any CPU
		{2D6B7854-DB82-4922-B4D5-066AFD9AAD9F}.Release|Windows-x64.Build.0 = Release|Any CPU
		{2D6B7854-DB82-4922-B4D5-066AFD9AAD9F}.Release|Windows-x86.ActiveCfg = Release|Any CPU
		{2D6B7854-DB82-4922-B4D5-066AFD9AAD9F}.Release|Windows-x86.Build.0 = Release|Any CPU
		{340453BF-5F1C-418D-933E-FCA206577F12}.Debug|Android.ActiveCfg = Debug|Any CPU
		{340453BF-5F1C-418D-933E-FCA206577F12}.Debug|Android.Build.0 = Debug|Any CPU
		{340453BF-5F1C-418D-933E-FCA206577F12}.Debug|Any CPU.ActiveCfg = Debug|Any CPU
		{340453BF-5F1C-418D-933E-FCA206577F12}.Debug|Any CPU.Build.0 = Debug|Any CPU
		{340453BF-5F1C-418D-933E-FCA206577F12}.Debug|iOS.ActiveCfg = Debug|Any CPU
		{340453BF-5F1C-418D-933E-FCA206577F12}.Debug|iOS.Build.0 = Debug|Any CPU
		{340453BF-5F1C-418D-933E-FCA206577F12}.Debug|Windows-ARM.ActiveCfg = Debug|Any CPU
		{340453BF-5F1C-418D-933E-FCA206577F12}.Debug|Windows-ARM.Build.0 = Debug|Any CPU
		{340453BF-5F1C-418D-933E-FCA206577F12}.Debug|Windows-x64.ActiveCfg = Debug|Any CPU
		{340453BF-5F1C-418D-933E-FCA206577F12}.Debug|Windows-x64.Build.0 = Debug|Any CPU
		{340453BF-5F1C-418D-933E-FCA206577F12}.Debug|Windows-x86.ActiveCfg = Debug|Any CPU
		{340453BF-5F1C-418D-933E-FCA206577F12}.Debug|Windows-x86.Build.0 = Debug|Any CPU
		{340453BF-5F1C-418D-933E-FCA206577F12}.Release|Android.ActiveCfg = Release|Any CPU
		{340453BF-5F1C-418D-933E-FCA206577F12}.Release|Android.Build.0 = Release|Any CPU
		{340453BF-5F1C-418D-933E-FCA206577F12}.Release|Any CPU.ActiveCfg = Release|Any CPU
		{340453BF-5F1C-418D-933E-FCA206577F12}.Release|Any CPU.Build.0 = Release|Any CPU
		{340453BF-5F1C-418D-933E-FCA206577F12}.Release|iOS.ActiveCfg = Release|Any CPU
		{340453BF-5F1C-418D-933E-FCA206577F12}.Release|iOS.Build.0 = Release|Any CPU
		{340453BF-5F1C-418D-933E-FCA206577F12}.Release|Windows-ARM.ActiveCfg = Release|Any CPU
		{340453BF-5F1C-418D-933E-FCA206577F12}.Release|Windows-ARM.Build.0 = Release|Any CPU
		{340453BF-5F1C-418D-933E-FCA206577F12}.Release|Windows-x64.ActiveCfg = Release|Any CPU
		{340453BF-5F1C-418D-933E-FCA206577F12}.Release|Windows-x64.Build.0 = Release|Any CPU
		{340453BF-5F1C-418D-933E-FCA206577F12}.Release|Windows-x86.ActiveCfg = Release|Any CPU
		{340453BF-5F1C-418D-933E-FCA206577F12}.Release|Windows-x86.Build.0 = Release|Any CPU
		{068AFECC-7974-4689-A30C-8C3270A72759}.Debug|Android.ActiveCfg = Debug|Any CPU
		{068AFECC-7974-4689-A30C-8C3270A72759}.Debug|Android.Build.0 = Debug|Any CPU
		{068AFECC-7974-4689-A30C-8C3270A72759}.Debug|Any CPU.ActiveCfg = Debug|Any CPU
		{068AFECC-7974-4689-A30C-8C3270A72759}.Debug|Any CPU.Build.0 = Debug|Any CPU
		{068AFECC-7974-4689-A30C-8C3270A72759}.Debug|iOS.ActiveCfg = Debug|Any CPU
		{068AFECC-7974-4689-A30C-8C3270A72759}.Debug|iOS.Build.0 = Debug|Any CPU
		{068AFECC-7974-4689-A30C-8C3270A72759}.Debug|Windows-ARM.ActiveCfg = Debug|Any CPU
		{068AFECC-7974-4689-A30C-8C3270A72759}.Debug|Windows-ARM.Build.0 = Debug|Any CPU
		{068AFECC-7974-4689-A30C-8C3270A72759}.Debug|Windows-x64.ActiveCfg = Debug|Any CPU
		{068AFECC-7974-4689-A30C-8C3270A72759}.Debug|Windows-x64.Build.0 = Debug|Any CPU
		{068AFECC-7974-4689-A30C-8C3270A72759}.Debug|Windows-x86.ActiveCfg = Debug|Any CPU
		{068AFECC-7974-4689-A30C-8C3270A72759}.Debug|Windows-x86.Build.0 = Debug|Any CPU
		{068AFECC-7974-4689-A30C-8C3270A72759}.Release|Android.ActiveCfg = Release|Any CPU
		{068AFECC-7974-4689-A30C-8C3270A72759}.Release|Android.Build.0 = Release|Any CPU
		{068AFECC-7974-4689-A30C-8C3270A72759}.Release|Any CPU.ActiveCfg = Release|Any CPU
		{068AFECC-7974-4689-A30C-8C3270A72759}.Release|Any CPU.Build.0 = Release|Any CPU
		{068AFECC-7974-4689-A30C-8C3270A72759}.Release|iOS.ActiveCfg = Release|Any CPU
		{068AFECC-7974-4689-A30C-8C3270A72759}.Release|iOS.Build.0 = Release|Any CPU
		{068AFECC-7974-4689-A30C-8C3270A72759}.Release|Windows-ARM.ActiveCfg = Release|Any CPU
		{068AFECC-7974-4689-A30C-8C3270A72759}.Release|Windows-ARM.Build.0 = Release|Any CPU
		{068AFECC-7974-4689-A30C-8C3270A72759}.Release|Windows-x64.ActiveCfg = Release|Any CPU
		{068AFECC-7974-4689-A30C-8C3270A72759}.Release|Windows-x64.Build.0 = Release|Any CPU
		{068AFECC-7974-4689-A30C-8C3270A72759}.Release|Windows-x86.ActiveCfg = Release|Any CPU
		{068AFECC-7974-4689-A30C-8C3270A72759}.Release|Windows-x86.Build.0 = Release|Any CPU
		{C631B109-F152-4CE6-B9C6-6C1CDED67B2B}.Debug|Android.ActiveCfg = Debug|Any CPU
		{C631B109-F152-4CE6-B9C6-6C1CDED67B2B}.Debug|Android.Build.0 = Debug|Any CPU
		{C631B109-F152-4CE6-B9C6-6C1CDED67B2B}.Debug|Any CPU.ActiveCfg = Debug|Any CPU
		{C631B109-F152-4CE6-B9C6-6C1CDED67B2B}.Debug|Any CPU.Build.0 = Debug|Any CPU
		{C631B109-F152-4CE6-B9C6-6C1CDED67B2B}.Debug|iOS.ActiveCfg = Debug|Any CPU
		{C631B109-F152-4CE6-B9C6-6C1CDED67B2B}.Debug|iOS.Build.0 = Debug|Any CPU
		{C631B109-F152-4CE6-B9C6-6C1CDED67B2B}.Debug|Windows-ARM.ActiveCfg = Debug|Any CPU
		{C631B109-F152-4CE6-B9C6-6C1CDED67B2B}.Debug|Windows-ARM.Build.0 = Debug|Any CPU
		{C631B109-F152-4CE6-B9C6-6C1CDED67B2B}.Debug|Windows-x64.ActiveCfg = Debug|Any CPU
		{C631B109-F152-4CE6-B9C6-6C1CDED67B2B}.Debug|Windows-x64.Build.0 = Debug|Any CPU
		{C631B109-F152-4CE6-B9C6-6C1CDED67B2B}.Debug|Windows-x86.ActiveCfg = Debug|Any CPU
		{C631B109-F152-4CE6-B9C6-6C1CDED67B2B}.Debug|Windows-x86.Build.0 = Debug|Any CPU
		{C631B109-F152-4CE6-B9C6-6C1CDED67B2B}.Release|Android.ActiveCfg = Release|Any CPU
		{C631B109-F152-4CE6-B9C6-6C1CDED67B2B}.Release|Android.Build.0 = Release|Any CPU
		{C631B109-F152-4CE6-B9C6-6C1CDED67B2B}.Release|Any CPU.ActiveCfg = Release|Any CPU
		{C631B109-F152-4CE6-B9C6-6C1CDED67B2B}.Release|Any CPU.Build.0 = Release|Any CPU
		{C631B109-F152-4CE6-B9C6-6C1CDED67B2B}.Release|iOS.ActiveCfg = Release|Any CPU
		{C631B109-F152-4CE6-B9C6-6C1CDED67B2B}.Release|iOS.Build.0 = Release|Any CPU
		{C631B109-F152-4CE6-B9C6-6C1CDED67B2B}.Release|Windows-ARM.ActiveCfg = Release|Any CPU
		{C631B109-F152-4CE6-B9C6-6C1CDED67B2B}.Release|Windows-ARM.Build.0 = Release|Any CPU
		{C631B109-F152-4CE6-B9C6-6C1CDED67B2B}.Release|Windows-x64.ActiveCfg = Release|Any CPU
		{C631B109-F152-4CE6-B9C6-6C1CDED67B2B}.Release|Windows-x64.Build.0 = Release|Any CPU
		{C631B109-F152-4CE6-B9C6-6C1CDED67B2B}.Release|Windows-x86.ActiveCfg = Release|Any CPU
		{C631B109-F152-4CE6-B9C6-6C1CDED67B2B}.Release|Windows-x86.Build.0 = Release|Any CPU
	EndGlobalSection
	GlobalSection(SolutionProperties) = preSolution
		HideSolutionNode = FALSE
	EndGlobalSection
	GlobalSection(NestedProjects) = preSolution
		{57710C17-FBAC-4479-A8DA-082BAB3CBA53} = {2F58DDAD-9D1B-4300-8D5D-20AEF8B9B36B}
		{4AC7B2AC-9389-46B3-8E3F-0D412700C354} = {2F58DDAD-9D1B-4300-8D5D-20AEF8B9B36B}
		{1160D577-706D-4CF8-BD6D-77C1B395021C} = {B7B8E894-7EA6-4169-AA77-C557C1ED516A}
		{F6FC63CE-7C45-4B0D-8F4F-125C806C6880} = {E3FACAA6-61B3-4819-9603-2E1EFEA13FA5}
		{6663E052-9635-4B67-9DF0-4BE0E0DD93C0} = {7697874D-BCA2-498D-B982-7DF3F3E6F697}
		{CA7DEE1F-65B6-4A01-92C5-128BD749AB02} = {7697874D-BCA2-498D-B982-7DF3F3E6F697}
		{6A11C48B-6946-4FCF-88D5-C6E754AC9521} = {0DD1C4AB-0AE3-45D7-AAB1-1D04C08A8B6F}
		{70978D1D-7DAE-4E33-BB32-30D0501335DA} = {5D7348F5-E329-43FC-B67E-2622424BA110}
		{3172CD98-3F90-4195-A1BF-75C2B09671F0} = {5D7348F5-E329-43FC-B67E-2622424BA110}
		{D06958A5-1F9B-48F4-ACE1-36BCA179910E} = {19F58F9F-A21D-47DA-BDF0-F366F36CE7AD}
		{A74729A7-0D89-45D8-A8A0-4C288CF2B90E} = {19F58F9F-A21D-47DA-BDF0-F366F36CE7AD}
		{CD66BBE5-6EDC-4366-A954-E0FB1AB7C553} = {19F58F9F-A21D-47DA-BDF0-F366F36CE7AD}
		{615F0B49-CAC3-4C4C-95EC-014D23E8940F} = {19F58F9F-A21D-47DA-BDF0-F366F36CE7AD}
		{1A6A1525-3A1B-437C-BE8D-7656B1457B9F} = {5D7348F5-E329-43FC-B67E-2622424BA110}
		{2D6B7854-DB82-4922-B4D5-066AFD9AAD9F} = {1A6A1525-3A1B-437C-BE8D-7656B1457B9F}
		{340453BF-5F1C-418D-933E-FCA206577F12} = {1A6A1525-3A1B-437C-BE8D-7656B1457B9F}
		{068AFECC-7974-4689-A30C-8C3270A72759} = {1A6A1525-3A1B-437C-BE8D-7656B1457B9F}
		{C631B109-F152-4CE6-B9C6-6C1CDED67B2B} = {1A6A1525-3A1B-437C-BE8D-7656B1457B9F}
	EndGlobalSection
	GlobalSection(ExtensibilityGlobals) = postSolution
		SolutionGuid = {8BCA472D-821F-451F-AB6D-17EA2351A510}
	EndGlobalSection
EndGlobal
