
Microsoft Visual Studio Solution File, Format Version 12.00
# Visual Studio 15
VisualStudioVersion = 15.0.28010.0
MinimumVisualStudioVersion = 10.0.40219.1
Project("{9A19103F-16F7-4668-BE54-9A1E7A4F7556}") = "CRMM", "CRMM\CRMM.csproj", "{35E5980D-4A4B-46A8-AD31-A60AA44A25B5}"
EndProject
Project("{9A19103F-16F7-4668-BE54-9A1E7A4F7556}") = "Database", "Database\Database.csproj", "{87F7FE89-22FA-4C72-82DC-87783C9D0212}"
EndProject
Project("{9A19103F-16F7-4668-BE54-9A1E7A4F7556}") = "Services", "Services\Services.csproj", "{461E8219-A87E-4315-A81D-0FB9278D9611}"
EndProject
Project("{FAE04EC0-301F-11D3-BF4B-00C04F79EFBC}") = "DataMapper", "ModelMapper\DataMapper.csproj", "{B5BC042C-433D-431C-9DF0-EA797572BAE0}"
EndProject
Global
	GlobalSection(SolutionConfigurationPlatforms) = preSolution
		Debug|Any CPU = Debug|Any CPU
		Release|Any CPU = Release|Any CPU
	EndGlobalSection
	GlobalSection(ProjectConfigurationPlatforms) = postSolution
		{35E5980D-4A4B-46A8-AD31-A60AA44A25B5}.Debug|Any CPU.ActiveCfg = Debug|Any CPU
		{35E5980D-4A4B-46A8-AD31-A60AA44A25B5}.Debug|Any CPU.Build.0 = Debug|Any CPU
		{35E5980D-4A4B-46A8-AD31-A60AA44A25B5}.Release|Any CPU.ActiveCfg = Release|Any CPU
		{35E5980D-4A4B-46A8-AD31-A60AA44A25B5}.Release|Any CPU.Build.0 = Release|Any CPU
		{87F7FE89-22FA-4C72-82DC-87783C9D0212}.Debug|Any CPU.ActiveCfg = Debug|Any CPU
		{87F7FE89-22FA-4C72-82DC-87783C9D0212}.Debug|Any CPU.Build.0 = Debug|Any CPU
		{87F7FE89-22FA-4C72-82DC-87783C9D0212}.Release|Any CPU.ActiveCfg = Release|Any CPU
		{87F7FE89-22FA-4C72-82DC-87783C9D0212}.Release|Any CPU.Build.0 = Release|Any CPU
		{461E8219-A87E-4315-A81D-0FB9278D9611}.Debug|Any CPU.ActiveCfg = Debug|Any CPU
		{461E8219-A87E-4315-A81D-0FB9278D9611}.Debug|Any CPU.Build.0 = Debug|Any CPU
		{461E8219-A87E-4315-A81D-0FB9278D9611}.Release|Any CPU.ActiveCfg = Release|Any CPU
		{461E8219-A87E-4315-A81D-0FB9278D9611}.Release|Any CPU.Build.0 = Release|Any CPU
		{B5BC042C-433D-431C-9DF0-EA797572BAE0}.Debug|Any CPU.ActiveCfg = Debug|Any CPU
		{B5BC042C-433D-431C-9DF0-EA797572BAE0}.Debug|Any CPU.Build.0 = Debug|Any CPU
		{B5BC042C-433D-431C-9DF0-EA797572BAE0}.Release|Any CPU.ActiveCfg = Release|Any CPU
		{B5BC042C-433D-431C-9DF0-EA797572BAE0}.Release|Any CPU.Build.0 = Release|Any CPU
	EndGlobalSection
	GlobalSection(SolutionProperties) = preSolution
		HideSolutionNode = FALSE
	EndGlobalSection
	GlobalSection(ExtensibilityGlobals) = postSolution
		SolutionGuid = {8BCA472D-821F-451F-AB6D-17EA2351A510}
	EndGlobalSection
EndGlobal
