
Microsoft Visual Studio Solution File, Format Version 12.00
# Visual Studio 15
VisualStudioVersion = 15.0.28010.0
MinimumVisualStudioVersion = 10.0.40219.1
Project("{2150E333-8FDC-42A3-9474-1A3956D46DE8}") = "Data", "Data", "{2F58DDAD-9D1B-4300-8D5D-20AEF8B9B36B}"
EndProject
Project("{2150E333-8FDC-42A3-9474-1A3956D46DE8}") = "Domain", "Domain", "{E3FACAA6-61B3-4819-9603-2E1EFEA13FA5}"
EndProject
Project("{2150E333-8FDC-42A3-9474-1A3956D46DE8}") = "Model", "Model", "{7697874D-BCA2-498D-B982-7DF3F3E6F697}"
EndProject
Project("{2150E333-8FDC-42A3-9474-1A3956D46DE8}") = "Service", "Service", "{0DD1C4AB-0AE3-45D7-AAB1-1D04C08A8B6F}"
EndProject
Project("{2150E333-8FDC-42A3-9474-1A3956D46DE8}") = "Presentation", "Presentation", "{5D7348F5-E329-43FC-B67E-2622424BA110}"
EndProject
Project("{2150E333-8FDC-42A3-9474-1A3956D46DE8}") = "Mapping", "Mapping", "{B7B8E894-7EA6-4169-AA77-C557C1ED516A}"
EndProject
Project("{9A19103F-16F7-4668-BE54-9A1E7A4F7556}") = "DataCore", "Data\DataCore\DataCore.csproj", "{57710C17-FBAC-4479-A8DA-082BAB3CBA53}"
EndProject
Project("{9A19103F-16F7-4668-BE54-9A1E7A4F7556}") = "MySql", "Data\MySql\MySql.csproj", "{4AC7B2AC-9389-46B3-8E3F-0D412700C354}"
EndProject
Project("{9A19103F-16F7-4668-BE54-9A1E7A4F7556}") = "DataMapper", "Mapping\DataMapper\DataMapper.csproj", "{1160D577-706D-4CF8-BD6D-77C1B395021C}"
EndProject
Project("{9A19103F-16F7-4668-BE54-9A1E7A4F7556}") = "ModelManager", "Domain\ModelManager\ModelManager.csproj", "{F6FC63CE-7C45-4B0D-8F4F-125C806C6880}"
EndProject
Project("{9A19103F-16F7-4668-BE54-9A1E7A4F7556}") = "ModelCore", "Model\ModelCore\ModelCore.csproj", "{6663E052-9635-4B67-9DF0-4BE0E0DD93C0}"
EndProject
Project("{9A19103F-16F7-4668-BE54-9A1E7A4F7556}") = "DatabaseContext", "Model\DatabaseContext\DatabaseContext.csproj", "{CA7DEE1F-65B6-4A01-92C5-128BD749AB02}"
EndProject
Project("{9A19103F-16F7-4668-BE54-9A1E7A4F7556}") = "Services", "Service\Services\Services.csproj", "{6A11C48B-6946-4FCF-88D5-C6E754AC9521}"
EndProject
Project("{FAE04EC0-301F-11D3-BF4B-00C04F79EFBC}") = "CRMM", "CRMM\CRMM.csproj", "{70978D1D-7DAE-4E33-BB32-30D0501335DA}"
EndProject
Global
	GlobalSection(SolutionConfigurationPlatforms) = preSolution
		Debug|Any CPU = Debug|Any CPU
		Release|Any CPU = Release|Any CPU
	EndGlobalSection
	GlobalSection(ProjectConfigurationPlatforms) = postSolution
		{57710C17-FBAC-4479-A8DA-082BAB3CBA53}.Debug|Any CPU.ActiveCfg = Debug|Any CPU
		{57710C17-FBAC-4479-A8DA-082BAB3CBA53}.Debug|Any CPU.Build.0 = Debug|Any CPU
		{57710C17-FBAC-4479-A8DA-082BAB3CBA53}.Release|Any CPU.ActiveCfg = Release|Any CPU
		{57710C17-FBAC-4479-A8DA-082BAB3CBA53}.Release|Any CPU.Build.0 = Release|Any CPU
		{4AC7B2AC-9389-46B3-8E3F-0D412700C354}.Debug|Any CPU.ActiveCfg = Debug|Any CPU
		{4AC7B2AC-9389-46B3-8E3F-0D412700C354}.Debug|Any CPU.Build.0 = Debug|Any CPU
		{4AC7B2AC-9389-46B3-8E3F-0D412700C354}.Release|Any CPU.ActiveCfg = Release|Any CPU
		{4AC7B2AC-9389-46B3-8E3F-0D412700C354}.Release|Any CPU.Build.0 = Release|Any CPU
		{1160D577-706D-4CF8-BD6D-77C1B395021C}.Debug|Any CPU.ActiveCfg = Debug|Any CPU
		{1160D577-706D-4CF8-BD6D-77C1B395021C}.Debug|Any CPU.Build.0 = Debug|Any CPU
		{1160D577-706D-4CF8-BD6D-77C1B395021C}.Release|Any CPU.ActiveCfg = Release|Any CPU
		{1160D577-706D-4CF8-BD6D-77C1B395021C}.Release|Any CPU.Build.0 = Release|Any CPU
		{F6FC63CE-7C45-4B0D-8F4F-125C806C6880}.Debug|Any CPU.ActiveCfg = Debug|Any CPU
		{F6FC63CE-7C45-4B0D-8F4F-125C806C6880}.Debug|Any CPU.Build.0 = Debug|Any CPU
		{F6FC63CE-7C45-4B0D-8F4F-125C806C6880}.Release|Any CPU.ActiveCfg = Release|Any CPU
		{F6FC63CE-7C45-4B0D-8F4F-125C806C6880}.Release|Any CPU.Build.0 = Release|Any CPU
		{6663E052-9635-4B67-9DF0-4BE0E0DD93C0}.Debug|Any CPU.ActiveCfg = Debug|Any CPU
		{6663E052-9635-4B67-9DF0-4BE0E0DD93C0}.Debug|Any CPU.Build.0 = Debug|Any CPU
		{6663E052-9635-4B67-9DF0-4BE0E0DD93C0}.Release|Any CPU.ActiveCfg = Release|Any CPU
		{6663E052-9635-4B67-9DF0-4BE0E0DD93C0}.Release|Any CPU.Build.0 = Release|Any CPU
		{CA7DEE1F-65B6-4A01-92C5-128BD749AB02}.Debug|Any CPU.ActiveCfg = Debug|Any CPU
		{CA7DEE1F-65B6-4A01-92C5-128BD749AB02}.Debug|Any CPU.Build.0 = Debug|Any CPU
		{CA7DEE1F-65B6-4A01-92C5-128BD749AB02}.Release|Any CPU.ActiveCfg = Release|Any CPU
		{CA7DEE1F-65B6-4A01-92C5-128BD749AB02}.Release|Any CPU.Build.0 = Release|Any CPU
		{6A11C48B-6946-4FCF-88D5-C6E754AC9521}.Debug|Any CPU.ActiveCfg = Debug|Any CPU
		{6A11C48B-6946-4FCF-88D5-C6E754AC9521}.Debug|Any CPU.Build.0 = Debug|Any CPU
		{6A11C48B-6946-4FCF-88D5-C6E754AC9521}.Release|Any CPU.ActiveCfg = Release|Any CPU
		{6A11C48B-6946-4FCF-88D5-C6E754AC9521}.Release|Any CPU.Build.0 = Release|Any CPU
		{70978D1D-7DAE-4E33-BB32-30D0501335DA}.Debug|Any CPU.ActiveCfg = Debug|Any CPU
		{70978D1D-7DAE-4E33-BB32-30D0501335DA}.Debug|Any CPU.Build.0 = Debug|Any CPU
		{70978D1D-7DAE-4E33-BB32-30D0501335DA}.Release|Any CPU.ActiveCfg = Release|Any CPU
		{70978D1D-7DAE-4E33-BB32-30D0501335DA}.Release|Any CPU.Build.0 = Release|Any CPU
	EndGlobalSection
	GlobalSection(SolutionProperties) = preSolution
		HideSolutionNode = FALSE
	EndGlobalSection
	GlobalSection(NestedProjects) = preSolution
		{57710C17-FBAC-4479-A8DA-082BAB3CBA53} = {2F58DDAD-9D1B-4300-8D5D-20AEF8B9B36B}
		{4AC7B2AC-9389-46B3-8E3F-0D412700C354} = {2F58DDAD-9D1B-4300-8D5D-20AEF8B9B36B}
		{1160D577-706D-4CF8-BD6D-77C1B395021C} = {B7B8E894-7EA6-4169-AA77-C557C1ED516A}
		{F6FC63CE-7C45-4B0D-8F4F-125C806C6880} = {E3FACAA6-61B3-4819-9603-2E1EFEA13FA5}
		{6663E052-9635-4B67-9DF0-4BE0E0DD93C0} = {7697874D-BCA2-498D-B982-7DF3F3E6F697}
		{CA7DEE1F-65B6-4A01-92C5-128BD749AB02} = {7697874D-BCA2-498D-B982-7DF3F3E6F697}
		{6A11C48B-6946-4FCF-88D5-C6E754AC9521} = {0DD1C4AB-0AE3-45D7-AAB1-1D04C08A8B6F}
		{70978D1D-7DAE-4E33-BB32-30D0501335DA} = {5D7348F5-E329-43FC-B67E-2622424BA110}
	EndGlobalSection
	GlobalSection(ExtensibilityGlobals) = postSolution
		SolutionGuid = {8BCA472D-821F-451F-AB6D-17EA2351A510}
	EndGlobalSection
EndGlobal
